
Microsoft Visual Studio Solution File, Format Version 12.00
# Visual Studio Version 16
VisualStudioVersion = 16.0.30717.126
MinimumVisualStudioVersion = 10.0.40219.1
Project("{FAE04EC0-301F-11D3-BF4B-00C04F79EFBC}") = "SEProject.MyBlogProject.Entities", "SEProject.MyBlogProject.Entities\SEProject.MyBlogProject.Entities.csproj", "{F372BF70-5D6F-4808-8724-5AE7A99545B2}"
EndProject
Project("{FAE04EC0-301F-11D3-BF4B-00C04F79EFBC}") = "SEProject.MyBlogProject.DataAccess", "SEProject.MyBlogProject.DataAccess\SEProject.MyBlogProject.DataAccess.csproj", "{F99B9433-798F-4EA4-B0F2-B77F979C1E9C}"
EndProject
Project("{FAE04EC0-301F-11D3-BF4B-00C04F79EFBC}") = "SEProject.MyBlogProject.Business", "SEProject.MyBlogProject.Business\SEProject.MyBlogProject.Business.csproj", "{868BB1B0-9D91-4AAE-9AC0-828BC4CFF0E9}"
EndProject
Global
	GlobalSection(SolutionConfigurationPlatforms) = preSolution
		Debug|Any CPU = Debug|Any CPU
		Release|Any CPU = Release|Any CPU
	EndGlobalSection
	GlobalSection(ProjectConfigurationPlatforms) = postSolution
		{F372BF70-5D6F-4808-8724-5AE7A99545B2}.Debug|Any CPU.ActiveCfg = Debug|Any CPU
		{F372BF70-5D6F-4808-8724-5AE7A99545B2}.Debug|Any CPU.Build.0 = Debug|Any CPU
		{F372BF70-5D6F-4808-8724-5AE7A99545B2}.Release|Any CPU.ActiveCfg = Release|Any CPU
		{F372BF70-5D6F-4808-8724-5AE7A99545B2}.Release|Any CPU.Build.0 = Release|Any CPU
		{F99B9433-798F-4EA4-B0F2-B77F979C1E9C}.Debug|Any CPU.ActiveCfg = Debug|Any CPU
		{F99B9433-798F-4EA4-B0F2-B77F979C1E9C}.Debug|Any CPU.Build.0 = Debug|Any CPU
		{F99B9433-798F-4EA4-B0F2-B77F979C1E9C}.Release|Any CPU.ActiveCfg = Release|Any CPU
		{F99B9433-798F-4EA4-B0F2-B77F979C1E9C}.Release|Any CPU.Build.0 = Release|Any CPU
		{868BB1B0-9D91-4AAE-9AC0-828BC4CFF0E9}.Debug|Any CPU.ActiveCfg = Debug|Any CPU
		{868BB1B0-9D91-4AAE-9AC0-828BC4CFF0E9}.Debug|Any CPU.Build.0 = Debug|Any CPU
		{868BB1B0-9D91-4AAE-9AC0-828BC4CFF0E9}.Release|Any CPU.ActiveCfg = Release|Any CPU
		{868BB1B0-9D91-4AAE-9AC0-828BC4CFF0E9}.Release|Any CPU.Build.0 = Release|Any CPU
	EndGlobalSection
	GlobalSection(SolutionProperties) = preSolution
		HideSolutionNode = FALSE
	EndGlobalSection
	GlobalSection(ExtensibilityGlobals) = postSolution
		SolutionGuid = {A5479DB2-D406-4463-B0D3-0FDE2638A3A3}
	EndGlobalSection
EndGlobal
